
Microsoft Visual Studio Solution File, Format Version 12.00
# Visual Studio Version 17
VisualStudioVersion = 17.0.31903.59
MinimumVisualStudioVersion = 10.0.40219.1
Project("{FAE04EC0-301F-11D3-BF4B-00C04F79EFBC}") = "Fast.Workshops.Api", "Fast.Workshops.Api\Fast.Workshops.Api.csproj", "{63B60D34-5979-4F7A-92C3-025D25C49AE4}"
EndProject
Project("{2150E333-8FDC-42A3-9474-1A3956D46DE8}") = "tests", "tests", "{0AB3BF05-4346-4AA6-1389-037BE0695223}"
EndProject
Project("{FAE04EC0-301F-11D3-BF4B-00C04F79EFBC}") = "Fast.Workshops.Api.Tests", "tests\Fast.Workshops.Api.Tests\Fast.Workshops.Api.Tests.csproj", "{CE02A8D4-47A1-4745-A6CF-91C5A0137A5B}"
EndProject
Project("{FAE04EC0-301F-11D3-BF4B-00C04F79EFBC}") = "Fast.Workshops.MySql.Tests", "tests\Fast.Workshops.MySql.Tests\Fast.Workshops.MySql.Tests.csproj", "{9D88707C-B992-4BEC-B9DB-3E321E430A74}"
EndProject
Global
	GlobalSection(SolutionConfigurationPlatforms) = preSolution
		Debug|Any CPU = Debug|Any CPU
		Debug|x64 = Debug|x64
		Debug|x86 = Debug|x86
		Release|Any CPU = Release|Any CPU
		Release|x64 = Release|x64
		Release|x86 = Release|x86
	EndGlobalSection
	GlobalSection(ProjectConfigurationPlatforms) = postSolution
		{63B60D34-5979-4F7A-92C3-025D25C49AE4}.Debug|Any CPU.ActiveCfg = Debug|Any CPU
		{63B60D34-5979-4F7A-92C3-025D25C49AE4}.Debug|Any CPU.Build.0 = Debug|Any CPU
		{63B60D34-5979-4F7A-92C3-025D25C49AE4}.Debug|x64.ActiveCfg = Debug|Any CPU
		{63B60D34-5979-4F7A-92C3-025D25C49AE4}.Debug|x64.Build.0 = Debug|Any CPU
		{63B60D34-5979-4F7A-92C3-025D25C49AE4}.Debug|x86.ActiveCfg = Debug|Any CPU
		{63B60D34-5979-4F7A-92C3-025D25C49AE4}.Debug|x86.Build.0 = Debug|Any CPU
		{63B60D34-5979-4F7A-92C3-025D25C49AE4}.Release|Any CPU.ActiveCfg = Release|Any CPU
		{63B60D34-5979-4F7A-92C3-025D25C49AE4}.Release|Any CPU.Build.0 = Release|Any CPU
		{63B60D34-5979-4F7A-92C3-025D25C49AE4}.Release|x64.ActiveCfg = Release|Any CPU
		{63B60D34-5979-4F7A-92C3-025D25C49AE4}.Release|x64.Build.0 = Release|Any CPU
		{63B60D34-5979-4F7A-92C3-025D25C49AE4}.Release|x86.ActiveCfg = Release|Any CPU
		{63B60D34-5979-4F7A-92C3-025D25C49AE4}.Release|x86.Build.0 = Release|Any CPU
		{CE02A8D4-47A1-4745-A6CF-91C5A0137A5B}.Debug|Any CPU.ActiveCfg = Debug|Any CPU
		{CE02A8D4-47A1-4745-A6CF-91C5A0137A5B}.Debug|Any CPU.Build.0 = Debug|Any CPU
		{CE02A8D4-47A1-4745-A6CF-91C5A0137A5B}.Debug|x64.ActiveCfg = Debug|Any CPU
		{CE02A8D4-47A1-4745-A6CF-91C5A0137A5B}.Debug|x64.Build.0 = Debug|Any CPU
		{CE02A8D4-47A1-4745-A6CF-91C5A0137A5B}.Debug|x86.ActiveCfg = Debug|Any CPU
		{CE02A8D4-47A1-4745-A6CF-91C5A0137A5B}.Debug|x86.Build.0 = Debug|Any CPU
		{CE02A8D4-47A1-4745-A6CF-91C5A0137A5B}.Release|Any CPU.ActiveCfg = Release|Any CPU
		{CE02A8D4-47A1-4745-A6CF-91C5A0137A5B}.Release|Any CPU.Build.0 = Release|Any CPU
		{CE02A8D4-47A1-4745-A6CF-91C5A0137A5B}.Release|x64.ActiveCfg = Release|Any CPU
		{CE02A8D4-47A1-4745-A6CF-91C5A0137A5B}.Release|x64.Build.0 = Release|Any CPU
		{CE02A8D4-47A1-4745-A6CF-91C5A0137A5B}.Release|x86.ActiveCfg = Release|Any CPU
		{CE02A8D4-47A1-4745-A6CF-91C5A0137A5B}.Release|x86.Build.0 = Release|Any CPU
		{9D88707C-B992-4BEC-B9DB-3E321E430A74}.Debug|Any CPU.ActiveCfg = Debug|Any CPU
		{9D88707C-B992-4BEC-B9DB-3E321E430A74}.Debug|Any CPU.Build.0 = Debug|Any CPU
		{9D88707C-B992-4BEC-B9DB-3E321E430A74}.Debug|x64.ActiveCfg = Debug|Any CPU
		{9D88707C-B992-4BEC-B9DB-3E321E430A74}.Debug|x64.Build.0 = Debug|Any CPU
		{9D88707C-B992-4BEC-B9DB-3E321E430A74}.Debug|x86.ActiveCfg = Debug|Any CPU
		{9D88707C-B992-4BEC-B9DB-3E321E430A74}.Debug|x86.Build.0 = Debug|Any CPU
		{9D88707C-B992-4BEC-B9DB-3E321E430A74}.Release|Any CPU.ActiveCfg = Release|Any CPU
		{9D88707C-B992-4BEC-B9DB-3E321E430A74}.Release|Any CPU.Build.0 = Release|Any CPU
		{9D88707C-B992-4BEC-B9DB-3E321E430A74}.Release|x64.ActiveCfg = Release|Any CPU
		{9D88707C-B992-4BEC-B9DB-3E321E430A74}.Release|x64.Build.0 = Release|Any CPU
		{9D88707C-B992-4BEC-B9DB-3E321E430A74}.Release|x86.ActiveCfg = Release|Any CPU
		{9D88707C-B992-4BEC-B9DB-3E321E430A74}.Release|x86.Build.0 = Release|Any CPU
	EndGlobalSection
	GlobalSection(SolutionProperties) = preSolution
		HideSolutionNode = FALSE
	EndGlobalSection
	GlobalSection(NestedProjects) = preSolution
		{CE02A8D4-47A1-4745-A6CF-91C5A0137A5B} = {0AB3BF05-4346-4AA6-1389-037BE0695223}
		{9D88707C-B992-4BEC-B9DB-3E321E430A74} = {0AB3BF05-4346-4AA6-1389-037BE0695223}
	EndGlobalSection
EndGlobal
